{
  "requires": true,
  "lockfileVersion": 1,
  "dependencies": {
    "intl-tel-input": {
      "version": "17.0.3",
      "resolved": "https://registry.npmjs.org/intl-tel-input/-/intl-tel-input-17.0.3.tgz",
      "integrity": "sha512-vfO5yIddrkNKaJYqGySuT6lyovWZoBLU/vyGA2A4VdKIZasknpd9/emTJYIPqFzjkguFfEDUiERKFih3k9Yj3Q=="
    }
  }
}
